
Microsoft Visual Studio Solution File, Format Version 12.00
# Visual Studio Version 16
VisualStudioVersion = 16.0.29021.104
MinimumVisualStudioVersion = 10.0.40219.1
Project("{FAE04EC0-301F-11D3-BF4B-00C04F79EFBC}") = "Programa01_05", "Programa01_05\Programa01_05.csproj", "{B523A6A4-3CF0-4DEC-8927-48BB36CFF8E9}"
EndProject
Project("{FAE04EC0-301F-11D3-BF4B-00C04F79EFBC}") = "Programa02_01", "Programa02_01\Programa02_01.csproj", "{1C03CEEE-7D60-4612-A594-D799F21E2028}"
EndProject
Project("{FAE04EC0-301F-11D3-BF4B-00C04F79EFBC}") = "Programa02_02", "Programa02_02\Programa02_02.csproj", "{0574AEBB-F3E4-45E5-BB8C-D71F289BA90A}"
EndProject
Project("{FAE04EC0-301F-11D3-BF4B-00C04F79EFBC}") = "Programa02_03", "Programa02_03\Programa02_03.csproj", "{973268FE-5A51-4611-88C9-5E86777F992A}"
EndProject
Project("{FAE04EC0-301F-11D3-BF4B-00C04F79EFBC}") = "Practico01", "Practico01\Practico01.csproj", "{4DD583E5-BC1F-495D-BC1B-0C9A340245B5}"
EndProject
Project("{FAE04EC0-301F-11D3-BF4B-00C04F79EFBC}") = "Programa02_04", "Programa02_04\Programa02_04.csproj", "{9D1F2010-A510-440D-A587-268C3601F1AA}"
EndProject
Project("{FAE04EC0-301F-11D3-BF4B-00C04F79EFBC}") = "Programa03_01", "Programa03_01\Programa03_01.csproj", "{393EAE48-CEEC-4FB3-9B1F-872E93048A54}"
EndProject
Project("{FAE04EC0-301F-11D3-BF4B-00C04F79EFBC}") = "Programa03_02", "Programa03_02\Programa03_02.csproj", "{2BBBD9F4-9110-454C-B0AB-0638B0C2648D}"
EndProject
Project("{FAE04EC0-301F-11D3-BF4B-00C04F79EFBC}") = "Programa04_01", "Programa04_01\Programa04_01.csproj", "{333D2DAE-76DF-425C-9DE4-7B716001AB3B}"
EndProject
Project("{FAE04EC0-301F-11D3-BF4B-00C04F79EFBC}") = "Programa05_01", "Programa05_01\Programa05_01.csproj", "{44FA3402-9F4F-49CA-922E-566982E685B3}"
EndProject
Project("{FAE04EC0-301F-11D3-BF4B-00C04F79EFBC}") = "Programa05_02", "Programa05_02\Programa05_02.csproj", "{D9F44F35-EFAD-4FA6-806C-31B4E245899F}"
EndProject
Project("{FAE04EC0-301F-11D3-BF4B-00C04F79EFBC}") = "Programa05_03", "Programa05_03\Programa05_03.csproj", "{72ACF0C4-7314-4A6B-A5AA-D0D565881478}"
EndProject
Project("{FAE04EC0-301F-11D3-BF4B-00C04F79EFBC}") = "Programa05_04", "Programa05_04\Programa05_04.csproj", "{2073C2F4-BD10-48B2-9FAA-F3F6068C7E16}"
EndProject
Project("{FAE04EC0-301F-11D3-BF4B-00C04F79EFBC}") = "Programa05_05", "Programa05_05\Programa05_05.csproj", "{73ADB7EF-5A3C-4553-B53D-06F1596B3325}"
EndProject
Project("{FAE04EC0-301F-11D3-BF4B-00C04F79EFBC}") = "Programa05_06", "Programa05_06\Programa05_06.csproj", "{1A063380-760F-4107-BA8D-F907CB9D05C4}"
EndProject
Project("{FAE04EC0-301F-11D3-BF4B-00C04F79EFBC}") = "Programa05_07", "Programa05_07\Programa05_07.csproj", "{8C6B022D-58F2-4D51-A12C-EBA4DAFE76E3}"
EndProject
Project("{FAE04EC0-301F-11D3-BF4B-00C04F79EFBC}") = "Programa05_08", "Programa05_08\Programa05_08.csproj", "{6547DA56-6A29-4F40-B030-41795A3A61B4}"
EndProject
Project("{FAE04EC0-301F-11D3-BF4B-00C04F79EFBC}") = "Programa01_01", "Programa01_01\Programa01_01.csproj", "{1E71B24D-AC5F-4331-BE10-8F5AE3739A43}"
EndProject
Project("{FAE04EC0-301F-11D3-BF4B-00C04F79EFBC}") = "Programa01_02", "Programa01_02\Programa01_02.csproj", "{F51E0F8B-C585-4FDB-A205-2571C70C6055}"
EndProject
Project("{FAE04EC0-301F-11D3-BF4B-00C04F79EFBC}") = "Programa01_03", "Programa01_03\Programa01_03.csproj", "{F1C3E7F3-0E61-4B71-AFF9-1A1078789BA3}"
EndProject
Project("{FAE04EC0-301F-11D3-BF4B-00C04F79EFBC}") = "Programa01_04", "Programa01_04\Programa01_04.csproj", "{AFB92406-6341-4660-9B95-B89BF25D44E5}"
EndProject
Global
	GlobalSection(SolutionConfigurationPlatforms) = preSolution
		Debug|Any CPU = Debug|Any CPU
		Release|Any CPU = Release|Any CPU
	EndGlobalSection
	GlobalSection(ProjectConfigurationPlatforms) = postSolution
		{B523A6A4-3CF0-4DEC-8927-48BB36CFF8E9}.Debug|Any CPU.ActiveCfg = Debug|Any CPU
		{B523A6A4-3CF0-4DEC-8927-48BB36CFF8E9}.Debug|Any CPU.Build.0 = Debug|Any CPU
		{B523A6A4-3CF0-4DEC-8927-48BB36CFF8E9}.Release|Any CPU.ActiveCfg = Release|Any CPU
		{B523A6A4-3CF0-4DEC-8927-48BB36CFF8E9}.Release|Any CPU.Build.0 = Release|Any CPU
		{1C03CEEE-7D60-4612-A594-D799F21E2028}.Debug|Any CPU.ActiveCfg = Debug|Any CPU
		{1C03CEEE-7D60-4612-A594-D799F21E2028}.Debug|Any CPU.Build.0 = Debug|Any CPU
		{1C03CEEE-7D60-4612-A594-D799F21E2028}.Release|Any CPU.ActiveCfg = Release|Any CPU
		{1C03CEEE-7D60-4612-A594-D799F21E2028}.Release|Any CPU.Build.0 = Release|Any CPU
		{0574AEBB-F3E4-45E5-BB8C-D71F289BA90A}.Debug|Any CPU.ActiveCfg = Debug|Any CPU
		{0574AEBB-F3E4-45E5-BB8C-D71F289BA90A}.Debug|Any CPU.Build.0 = Debug|Any CPU
		{0574AEBB-F3E4-45E5-BB8C-D71F289BA90A}.Release|Any CPU.ActiveCfg = Release|Any CPU
		{0574AEBB-F3E4-45E5-BB8C-D71F289BA90A}.Release|Any CPU.Build.0 = Release|Any CPU
		{973268FE-5A51-4611-88C9-5E86777F992A}.Debug|Any CPU.ActiveCfg = Debug|Any CPU
		{973268FE-5A51-4611-88C9-5E86777F992A}.Debug|Any CPU.Build.0 = Debug|Any CPU
		{973268FE-5A51-4611-88C9-5E86777F992A}.Release|Any CPU.ActiveCfg = Release|Any CPU
		{973268FE-5A51-4611-88C9-5E86777F992A}.Release|Any CPU.Build.0 = Release|Any CPU
		{4DD583E5-BC1F-495D-BC1B-0C9A340245B5}.Debug|Any CPU.ActiveCfg = Debug|Any CPU
		{4DD583E5-BC1F-495D-BC1B-0C9A340245B5}.Debug|Any CPU.Build.0 = Debug|Any CPU
		{4DD583E5-BC1F-495D-BC1B-0C9A340245B5}.Release|Any CPU.ActiveCfg = Release|Any CPU
		{4DD583E5-BC1F-495D-BC1B-0C9A340245B5}.Release|Any CPU.Build.0 = Release|Any CPU
		{9D1F2010-A510-440D-A587-268C3601F1AA}.Debug|Any CPU.ActiveCfg = Debug|Any CPU
		{9D1F2010-A510-440D-A587-268C3601F1AA}.Debug|Any CPU.Build.0 = Debug|Any CPU
		{9D1F2010-A510-440D-A587-268C3601F1AA}.Release|Any CPU.ActiveCfg = Release|Any CPU
		{9D1F2010-A510-440D-A587-268C3601F1AA}.Release|Any CPU.Build.0 = Release|Any CPU
		{393EAE48-CEEC-4FB3-9B1F-872E93048A54}.Debug|Any CPU.ActiveCfg = Debug|Any CPU
		{393EAE48-CEEC-4FB3-9B1F-872E93048A54}.Debug|Any CPU.Build.0 = Debug|Any CPU
		{393EAE48-CEEC-4FB3-9B1F-872E93048A54}.Release|Any CPU.ActiveCfg = Release|Any CPU
		{393EAE48-CEEC-4FB3-9B1F-872E93048A54}.Release|Any CPU.Build.0 = Release|Any CPU
		{2BBBD9F4-9110-454C-B0AB-0638B0C2648D}.Debug|Any CPU.ActiveCfg = Debug|Any CPU
		{2BBBD9F4-9110-454C-B0AB-0638B0C2648D}.Debug|Any CPU.Build.0 = Debug|Any CPU
		{2BBBD9F4-9110-454C-B0AB-0638B0C2648D}.Release|Any CPU.ActiveCfg = Release|Any CPU
		{2BBBD9F4-9110-454C-B0AB-0638B0C2648D}.Release|Any CPU.Build.0 = Release|Any CPU
		{333D2DAE-76DF-425C-9DE4-7B716001AB3B}.Debug|Any CPU.ActiveCfg = Debug|Any CPU
		{333D2DAE-76DF-425C-9DE4-7B716001AB3B}.Debug|Any CPU.Build.0 = Debug|Any CPU
		{333D2DAE-76DF-425C-9DE4-7B716001AB3B}.Release|Any CPU.ActiveCfg = Release|Any CPU
		{333D2DAE-76DF-425C-9DE4-7B716001AB3B}.Release|Any CPU.Build.0 = Release|Any CPU
		{44FA3402-9F4F-49CA-922E-566982E685B3}.Debug|Any CPU.ActiveCfg = Debug|Any CPU
		{44FA3402-9F4F-49CA-922E-566982E685B3}.Debug|Any CPU.Build.0 = Debug|Any CPU
		{44FA3402-9F4F-49CA-922E-566982E685B3}.Release|Any CPU.ActiveCfg = Release|Any CPU
		{44FA3402-9F4F-49CA-922E-566982E685B3}.Release|Any CPU.Build.0 = Release|Any CPU
		{D9F44F35-EFAD-4FA6-806C-31B4E245899F}.Debug|Any CPU.ActiveCfg = Debug|Any CPU
		{D9F44F35-EFAD-4FA6-806C-31B4E245899F}.Debug|Any CPU.Build.0 = Debug|Any CPU
		{D9F44F35-EFAD-4FA6-806C-31B4E245899F}.Release|Any CPU.ActiveCfg = Release|Any CPU
		{D9F44F35-EFAD-4FA6-806C-31B4E245899F}.Release|Any CPU.Build.0 = Release|Any CPU
		{72ACF0C4-7314-4A6B-A5AA-D0D565881478}.Debug|Any CPU.ActiveCfg = Debug|Any CPU
		{72ACF0C4-7314-4A6B-A5AA-D0D565881478}.Debug|Any CPU.Build.0 = Debug|Any CPU
		{72ACF0C4-7314-4A6B-A5AA-D0D565881478}.Release|Any CPU.ActiveCfg = Release|Any CPU
		{72ACF0C4-7314-4A6B-A5AA-D0D565881478}.Release|Any CPU.Build.0 = Release|Any CPU
		{2073C2F4-BD10-48B2-9FAA-F3F6068C7E16}.Debug|Any CPU.ActiveCfg = Debug|Any CPU
		{2073C2F4-BD10-48B2-9FAA-F3F6068C7E16}.Debug|Any CPU.Build.0 = Debug|Any CPU
		{2073C2F4-BD10-48B2-9FAA-F3F6068C7E16}.Release|Any CPU.ActiveCfg = Release|Any CPU
		{2073C2F4-BD10-48B2-9FAA-F3F6068C7E16}.Release|Any CPU.Build.0 = Release|Any CPU
		{73ADB7EF-5A3C-4553-B53D-06F1596B3325}.Debug|Any CPU.ActiveCfg = Debug|Any CPU
		{73ADB7EF-5A3C-4553-B53D-06F1596B3325}.Debug|Any CPU.Build.0 = Debug|Any CPU
		{73ADB7EF-5A3C-4553-B53D-06F1596B3325}.Release|Any CPU.ActiveCfg = Release|Any CPU
		{73ADB7EF-5A3C-4553-B53D-06F1596B3325}.Release|Any CPU.Build.0 = Release|Any CPU
		{1A063380-760F-4107-BA8D-F907CB9D05C4}.Debug|Any CPU.ActiveCfg = Debug|Any CPU
		{1A063380-760F-4107-BA8D-F907CB9D05C4}.Debug|Any CPU.Build.0 = Debug|Any CPU
		{1A063380-760F-4107-BA8D-F907CB9D05C4}.Release|Any CPU.ActiveCfg = Release|Any CPU
		{1A063380-760F-4107-BA8D-F907CB9D05C4}.Release|Any CPU.Build.0 = Release|Any CPU
		{8C6B022D-58F2-4D51-A12C-EBA4DAFE76E3}.Debug|Any CPU.ActiveCfg = Debug|Any CPU
		{8C6B022D-58F2-4D51-A12C-EBA4DAFE76E3}.Debug|Any CPU.Build.0 = Debug|Any CPU
		{8C6B022D-58F2-4D51-A12C-EBA4DAFE76E3}.Release|Any CPU.ActiveCfg = Release|Any CPU
		{8C6B022D-58F2-4D51-A12C-EBA4DAFE76E3}.Release|Any CPU.Build.0 = Release|Any CPU
		{6547DA56-6A29-4F40-B030-41795A3A61B4}.Debug|Any CPU.ActiveCfg = Debug|Any CPU
		{6547DA56-6A29-4F40-B030-41795A3A61B4}.Debug|Any CPU.Build.0 = Debug|Any CPU
		{6547DA56-6A29-4F40-B030-41795A3A61B4}.Release|Any CPU.ActiveCfg = Release|Any CPU
		{6547DA56-6A29-4F40-B030-41795A3A61B4}.Release|Any CPU.Build.0 = Release|Any CPU
		{1E71B24D-AC5F-4331-BE10-8F5AE3739A43}.Debug|Any CPU.ActiveCfg = Debug|Any CPU
		{1E71B24D-AC5F-4331-BE10-8F5AE3739A43}.Debug|Any CPU.Build.0 = Debug|Any CPU
		{1E71B24D-AC5F-4331-BE10-8F5AE3739A43}.Release|Any CPU.ActiveCfg = Release|Any CPU
		{1E71B24D-AC5F-4331-BE10-8F5AE3739A43}.Release|Any CPU.Build.0 = Release|Any CPU
		{F51E0F8B-C585-4FDB-A205-2571C70C6055}.Debug|Any CPU.ActiveCfg = Debug|Any CPU
		{F51E0F8B-C585-4FDB-A205-2571C70C6055}.Debug|Any CPU.Build.0 = Debug|Any CPU
		{F51E0F8B-C585-4FDB-A205-2571C70C6055}.Release|Any CPU.ActiveCfg = Release|Any CPU
		{F51E0F8B-C585-4FDB-A205-2571C70C6055}.Release|Any CPU.Build.0 = Release|Any CPU
		{F1C3E7F3-0E61-4B71-AFF9-1A1078789BA3}.Debug|Any CPU.ActiveCfg = Debug|Any CPU
		{F1C3E7F3-0E61-4B71-AFF9-1A1078789BA3}.Debug|Any CPU.Build.0 = Debug|Any CPU
		{F1C3E7F3-0E61-4B71-AFF9-1A1078789BA3}.Release|Any CPU.ActiveCfg = Release|Any CPU
		{F1C3E7F3-0E61-4B71-AFF9-1A1078789BA3}.Release|Any CPU.Build.0 = Release|Any CPU
		{AFB92406-6341-4660-9B95-B89BF25D44E5}.Debug|Any CPU.ActiveCfg = Debug|Any CPU
		{AFB92406-6341-4660-9B95-B89BF25D44E5}.Debug|Any CPU.Build.0 = Debug|Any CPU
		{AFB92406-6341-4660-9B95-B89BF25D44E5}.Release|Any CPU.ActiveCfg = Release|Any CPU
		{AFB92406-6341-4660-9B95-B89BF25D44E5}.Release|Any CPU.Build.0 = Release|Any CPU
	EndGlobalSection
	GlobalSection(SolutionProperties) = preSolution
		HideSolutionNode = FALSE
	EndGlobalSection
	GlobalSection(ExtensibilityGlobals) = postSolution
		SolutionGuid = {1C30E953-A7B5-456E-B3B5-D79DA576E009}
	EndGlobalSection
EndGlobal
